
Microsoft Visual Studio Solution File, Format Version 12.00
# Visual Studio Version 17
VisualStudioVersion = 17.4.32804.182
MinimumVisualStudioVersion = 10.0.40219.1
Project("{F184B08F-C81C-45F6-A57F-5ABD9991F28F}") = "Calculator_Assignment", "Calculator_Assignment\Calculator_Assignment.vbproj", "{42DE9157-05F7-4765-8309-D10823D75407}"
EndProject
Global
	GlobalSection(SolutionConfigurationPlatforms) = preSolution
		Debug|Any CPU = Debug|Any CPU
		Release|Any CPU = Release|Any CPU
	EndGlobalSection
	GlobalSection(ProjectConfigurationPlatforms) = postSolution
		{42DE9157-05F7-4765-8309-D10823D75407}.Debug|Any CPU.ActiveCfg = Debug|Any CPU
		{42DE9157-05F7-4765-8309-D10823D75407}.Debug|Any CPU.Build.0 = Debug|Any CPU
		{42DE9157-05F7-4765-8309-D10823D75407}.Release|Any CPU.ActiveCfg = Release|Any CPU
		{42DE9157-05F7-4765-8309-D10823D75407}.Release|Any CPU.Build.0 = Release|Any CPU
	EndGlobalSection
	GlobalSection(SolutionProperties) = preSolution
		HideSolutionNode = FALSE
	EndGlobalSection
	GlobalSection(ExtensibilityGlobals) = postSolution
		SolutionGuid = {39932A6A-DEEE-4F56-A8AF-84FFB23663FB}
	EndGlobalSection
EndGlobal
